// !$*UTF8*$!
{
	archiveVersion = 1;
	classes = {
	};
	objectVersion = 48;
	objects = {

/* Begin PBXBuildFile section */
		CE8D2A1E1FA6374C00BD8483 /* AppDelegate.swift in Sources */ = {isa = PBXBuildFile; fileRef = CE8D2A1D1FA6374C00BD8483 /* AppDelegate.swift */; };
		CE8D2A201FA6374C00BD8483 /* CheckListViewController.swift in Sources */ = {isa = PBXBuildFile; fileRef = CE8D2A1F1FA6374C00BD8483 /* CheckListViewController.swift */; };
		CE8D2A231FA6374C00BD8483 /* Main.storyboard in Resources */ = {isa = PBXBuildFile; fileRef = CE8D2A211FA6374C00BD8483 /* Main.storyboard */; };
		CE8D2A251FA6374C00BD8483 /* Assets.xcassets in Resources */ = {isa = PBXBuildFile; fileRef = CE8D2A241FA6374C00BD8483 /* Assets.xcassets */; };
		CE8D2A281FA6374C00BD8483 /* LaunchScreen.storyboard in Resources */ = {isa = PBXBuildFile; fileRef = CE8D2A261FA6374C00BD8483 /* LaunchScreen.storyboard */; };
		CEB436DE1FAE56D400540B61 /* AddItemViewController.swift in Sources */ = {isa = PBXBuildFile; fileRef = CEB436DD1FAE56D400540B61 /* AddItemViewController.swift */; };
		CEC8F5A51FA91F6900CD73C0 /* CheckListItem.swift in Sources */ = {isa = PBXBuildFile; fileRef = CEC8F5A41FA91F6900CD73C0 /* CheckListItem.swift */; };
/* End PBXBuildFile section */

/* Begin PBXFileReference section */
		CE8D2A1A1FA6374C00BD8483 /* Check List.app */ = {isa = PBXFileReference; explicitFileType = wrapper.application; includeInIndex = 0; path = "Check List.app"; sourceTree = BUILT_PRODUCTS_DIR; };
		CE8D2A1D1FA6374C00BD8483 /* AppDelegate.swift */ = {isa = PBXFileReference; lastKnownFileType = sourcecode.swift; path = AppDelegate.swift; sourceTree = "<group>"; };
		CE8D2A1F1FA6374C00BD8483 /* CheckListViewController.swift */ = {isa = PBXFileReference; lastKnownFileType = sourcecode.swift; path = CheckListViewController.swift; sourceTree = "<group>"; };
		CE8D2A221FA6374C00BD8483 /* Base */ = {isa = PBXFileReference; lastKnownFileType = file.storyboard; name = Base; path = Base.lproj/Main.storyboard; sourceTree = "<group>"; };
		CE8D2A241FA6374C00BD8483 /* Assets.xcassets */ = {isa = PBXFileReference; lastKnownFileType = folder.assetcatalog; path = Assets.xcassets; sourceTree = "<group>"; };
		CE8D2A271FA6374C00BD8483 /* Base */ = {isa = PBXFileReference; lastKnownFileType = file.storyboard; name = Base; path = Base.lproj/LaunchScreen.storyboard; sourceTree = "<group>"; };
		CE8D2A291FA6374C00BD8483 /* Info.plist */ = {isa = PBXFileReference; lastKnownFileType = text.plist.xml; path = Info.plist; sourceTree = "<group>"; };
		CEB436DD1FAE56D400540B61 /* AddItemViewController.swift */ = {isa = PBXFileReference; lastKnownFileType = sourcecode.swift; path = AddItemViewController.swift; sourceTree = "<group>"; };
		CEC8F5A41FA91F6900CD73C0 /* CheckListItem.swift */ = {isa = PBXFileReference; lastKnownFileType = sourcecode.swift; path = CheckListItem.swift; sourceTree = "<group>"; };
/* End PBXFileReference section */

/* Begin PBXFrameworksBuildPhase section */
		CE8D2A171FA6374C00BD8483 /* Frameworks */ = {
			isa = PBXFrameworksBuildPhase;
			buildActionMask = 2147483647;
			files = (
			);
			runOnlyForDeploymentPostprocessing = 0;
		};
/* End PBXFrameworksBuildPhase section */

/* Begin PBXGroup section */
		CE8D2A111FA6374C00BD8483 = {
			isa = PBXGroup;
			children = (
				CE8D2A1C1FA6374C00BD8483 /* Check List */,
				CE8D2A1B1FA6374C00BD8483 /* Products */,
			);
			sourceTree = "<group>";
		};
		CE8D2A1B1FA6374C00BD8483 /* Products */ = {
			isa = PBXGroup;
			children = (
				CE8D2A1A1FA6374C00BD8483 /* Check List.app */,
			);
			name = Products;
			sourceTree = "<group>";
		};
		CE8D2A1C1FA6374C00BD8483 /* Check List */ = {
			isa = PBXGroup;
			children = (
				CEC8F5A41FA91F6900CD73C0 /* CheckListItem.swift */,
				CE8D2A1F1FA6374C00BD8483 /* CheckListViewController.swift */,
				CEB436DD1FAE56D400540B61 /* AddItemViewController.swift */,
				CE8D2A1D1FA6374C00BD8483 /* AppDelegate.swift */,
				CE8D2A211FA6374C00BD8483 /* Main.storyboard */,
				CE8D2A241FA6374C00BD8483 /* Assets.xcassets */,
				CE8D2A261FA6374C00BD8483 /* LaunchScreen.storyboard */,
				CE8D2A291FA6374C00BD8483 /* Info.plist */,
			);
			path = "Check List";
			sourceTree = "<group>";
		};
/* End PBXGroup section */

/* Begin PBXNativeTarget section */
		CE8D2A191FA6374C00BD8483 /* Check List */ = {
			isa = PBXNativeTarget;
			buildConfigurationList = CE8D2A2C1FA6374C00BD8483 /* Build configuration list for PBXNativeTarget "Check List" */;
			buildPhases = (
				CE8D2A161FA6374C00BD8483 /* Sources */,
				CE8D2A171FA6374C00BD8483 /* Frameworks */,
				CE8D2A181FA6374C00BD8483 /* Resources */,
			);
			buildRules = (
			);
			dependencies = (
			);
			name = "Check List";
			productName = "Check List";
			productReference = CE8D2A1A1FA6374C00BD8483 /* Check List.app */;
			productType = "com.apple.product-type.application";
		};
/* End PBXNativeTarget section */

/* Begin PBXProject section */
		CE8D2A121FA6374C00BD8483 /* Project object */ = {
			isa = PBXProject;
			attributes = {
				LastSwiftUpdateCheck = 0910;
				LastUpgradeCheck = 0910;
				ORGANIZATIONNAME = "Jimmy Higuchi";
				TargetAttributes = {
					CE8D2A191FA6374C00BD8483 = {
						CreatedOnToolsVersion = 9.1;
						ProvisioningStyle = Automatic;
					};
				};
			};
			buildConfigurationList = CE8D2A151FA6374C00BD8483 /* Build configuration list for PBXProject "Check List" */;
			compatibilityVersion = "Xcode 8.0";
			developmentRegion = en;
			hasScannedForEncodings = 0;
			knownRegions = (
				en,
				Base,
			);
			mainGroup = CE8D2A111FA6374C00BD8483;
			productRefGroup = CE8D2A1B1FA6374C00BD8483 /* Products */;
			projectDirPath = "";
			projectRoot = "";
			targets = (
				CE8D2A191FA6374C00BD8483 /* Check List */,
			);
		};
/* End PBXProject section */

/* Begin PBXResourcesBuildPhase section */
		CE8D2A181FA6374C00BD8483 /* Resources */ = {
			isa = PBXResourcesBuildPhase;
			buildActionMask = 2147483647;
			files = (
				CE8D2A281FA6374C00BD8483 /* LaunchScreen.storyboard in Resources */,
				CE8D2A251FA6374C00BD8483 /* Assets.xcassets in Resources */,
				CE8D2A231FA6374C00BD8483 /* Main.storyboard in Resources */,
			);
			runOnlyForDeploymentPostprocessing = 0;
		};
/* End PBXResourcesBuildPhase section */

/* Begin PBXSourcesBuildPhase section */
		CE8D2A161FA6374C00BD8483 /* Sources */ = {
			isa = PBXSourcesBuildPhase;
			buildActionMask = 2147483647;
			files = (
				CEC8F5A51FA91F6900CD73C0 /* CheckListItem.swift in Sources */,
				CEB436DE1FAE56D400540B61 /* AddItemViewController.swift in Sources */,
				CE8D2A201FA6374C00BD8483 /* CheckListViewController.swift in Sources */,
				CE8D2A1E1FA6374C00BD8483 /* AppDelegate.swift in Sources */,
			);
			runOnlyForDeploymentPostprocessing = 0;
		};
/* End PBXSourcesBuildPhase section */

/* Begin PBXVariantGroup section */
		CE8D2A211FA6374C00BD8483 /* Main.storyboard */ = {
			isa = PBXVariantGroup;
			children = (
				CE8D2A221FA6374C00BD8483 /* Base */,
			);
			name = Main.storyboard;
			sourceTree = "<group>";
		};
		CE8D2A261FA6374C00BD8483 /* LaunchScreen.storyboard */ = {
			isa = PBXVariantGroup;
			children = (
				CE8D2A271FA6374C00BD8483 /* Base */,
			);
			name = LaunchScreen.storyboard;
			sourceTree = "<group>";
		};
/* End PBXVariantGroup section */

/* Begin XCBuildConfiguration section */
		CE8D2A2A1FA6374C00BD8483 /* Debug */ = {
			isa = XCBuildConfiguration;
			buildSettings = {
				ALWAYS_SEARCH_USER_PATHS = NO;
				CLANG_ANALYZER_NONNULL = YES;
				CLANG_ANALYZER_NUMBER_OBJECT_CONVERSION = YES_AGGRESSIVE;
				CLANG_CXX_LANGUAGE_STANDARD = "gnu++14";
				CLANG_CXX_LIBRARY = "libc++";
				CLANG_ENABLE_MODULES = YES;
				CLANG_ENABLE_OBJC_ARC = YES;
				CLANG_WARN_BLOCK_CAPTURE_AUTORELEASING = YES;
				CLANG_WARN_BOOL_CONVERSION = YES;
				CLANG_WARN_COMMA = YES;
				CLANG_WARN_CONSTANT_CONVERSION = YES;
				CLANG_WARN_DIRECT_OBJC_ISA_USAGE = YES_ERROR;
				CLANG_WARN_DOCUMENTATION_COMMENTS = YES;
				CLANG_WARN_EMPTY_BODY = YES;
				CLANG_WARN_ENUM_CONVERSION = YES;
				CLANG_WARN_INFINITE_RECURSION = YES;
				CLANG_WARN_INT_CONVERSION = YES;
				CLANG_WARN_NON_LITERAL_NULL_CONVERSION = YES;
				CLANG_WARN_OBJC_LITERAL_CONVERSION = YES;
				CLANG_WARN_OBJC_ROOT_CLASS = YES_ERROR;
				CLANG_WARN_RANGE_LOOP_ANALYSIS = YES;
				CLANG_WARN_STRICT_PROTOTYPES = YES;
				CLANG_WARN_SUSPICIOUS_MOVE = YES;
				CLANG_WARN_UNGUARDED_AVAILABILITY = YES_AGGRESSIVE;
				CLANG_WARN_UNREACHABLE_CODE = YES;
				CLANG_WARN__DUPLICATE_METHOD_MATCH = YES;
				CODE_SIGN_IDENTITY = "iPhone Developer";
				COPY_PHASE_STRIP = NO;
				DEBUG_INFORMATION_FORMAT = dwarf;
				ENABLE_STRICT_OBJC_MSGSEND = YES;
				ENABLE_TESTABILITY = YES;
				GCC_C_LANGUAGE_STANDARD = gnu11;
				GCC_DYNAMIC_NO_PIC = NO;
				GCC_NO_COMMON_BLOCKS = YES;
				GCC_OPTIMIZATION_LEVEL = 0;
				GCC_PREPROCESSOR_DEFINITIONS = (
					"DEBUG=1",
					"$(inherited)",
				);
				GCC_WARN_64_TO_32_BIT_CONVERSION = YES;
				GCC_WARN_ABOUT_RETURN_TYPE = YES_ERROR;
				GCC_WARN_UNDECLARED_SELECTOR = YES;
				GCC_WARN_UNINITIALIZED_AUTOS = YES_AGGRESSIVE;
				GCC_WARN_UNUSED_FUNCTION = YES;
				GCC_WARN_UNUSED_VARIABLE = YES;
				IPHONEOS_DEPLOYMENT_TARGET = 11.1;
				MTL_ENABLE_DEBUG_INFO = YES;
				ONLY_ACTIVE_ARCH = YES;
				SDKROOT = iphoneos;
				SWIFT_ACTIVE_COMPILATION_CONDITIONS = DEBUG;
				SWIFT_OPTIMIZATION_LEVEL = "-Onone";
			};
			name = Debug;
		};
		CE8D2A2B1FA6374C00BD8483 /* Release */ = {
			isa = XCBuildConfiguration;
			buildSettings = {
				ALWAYS_SEARCH_USER_PATHS = NO;
				CLANG_ANALYZER_NONNULL = YES;
				CLANG_ANALYZER_NUMBER_OBJECT_CONVERSION = YES_AGGRESSIVE;
				CLANG_CXX_LANGUAGE_STANDARD = "gnu++14";
				CLANG_CXX_LIBRARY = "libc++";
				CLANG_ENABLE_MODULES = YES;
				CLANG_ENABLE_OBJC_ARC = YES;
				CLANG_WARN_BLOCK_CAPTURE_AUTORELEASING = YES;
				CLANG_WARN_BOOL_CONVERSION = YES;
				CLANG_WARN_COMMA = YES;
				CLANG_WARN_CONSTANT_CONVERSION = YES;
				CLANG_WARN_DIRECT_OBJC_ISA_USAGE = YES_ERROR;
				CLANG_WARN_DOCUMENTATION_COMMENTS = YES;
				CLANG_WARN_EMPTY_BODY = YES;
				CLANG_WARN_ENUM_CONVERSION = YES;
				CLANG_WARN_INFINITE_RECURSION = YES;
				CLANG_WARN_INT_CONVERSION = YES;
				CLANG_WARN_NON_LITERAL_NULL_CONVERSION = YES;
				CLANG_WARN_OBJC_LITERAL_CONVERSION = YES;
				CLANG_WARN_OBJC_ROOT_CLASS = YES_ERROR;
				CLANG_WARN_RANGE_LOOP_ANALYSIS = YES;
				CLANG_WARN_STRICT_PROTOTYPES = YES;
				CLANG_WARN_SUSPICIOUS_MOVE = YES;
				CLANG_WARN_UNGUARDED_AVAILABILITY = YES_AGGRESSIVE;
				CLANG_WARN_UNREACHABLE_CODE = YES;
				CLANG_WARN__DUPLICATE_METHOD_MATCH = YES;
				CODE_SIGN_IDENTITY = "iPhone Developer";
				COPY_PHASE_STRIP = NO;
				DEBUG_INFORMATION_FORMAT = "dwarf-with-dsym";
				ENABLE_NS_ASSERTIONS = NO;
				ENABLE_STRICT_OBJC_MSGSEND = YES;
				GCC_C_LANGUAGE_STANDARD = gnu11;
				GCC_NO_COMMON_BLOCKS = YES;
				GCC_WARN_64_TO_32_BIT_CONVERSION = YES;
				GCC_WARN_ABOUT_RETURN_TYPE = YES_ERROR;
				GCC_WARN_UNDECLARED_SELECTOR = YES;
				GCC_WARN_UNINITIALIZED_AUTOS = YES_AGGRESSIVE;
				GCC_WARN_UNUSED_FUNCTION = YES;
				GCC_WARN_UNUSED_VARIABLE = YES;
				IPHONEOS_DEPLOYMENT_TARGET = 11.1;
				MTL_ENABLE_DEBUG_INFO = NO;
				SDKROOT = iphoneos;
				SWIFT_OPTIMIZATION_LEVEL = "-Owholemodule";
				VALIDATE_PRODUCT = YES;
			};
			name = Release;
		};
		CE8D2A2D1FA6374C00BD8483 /* Debug */ = {
			isa = XCBuildConfiguration;
			buildSettings = {
				ASSETCATALOG_COMPILER_APPICON_NAME = AppIcon;
				CODE_SIGN_STYLE = Automatic;
				DEVELOPMENT_TEAM = 2B962CCK39;
				INFOPLIST_FILE = "Check List/Info.plist";
				LD_RUNPATH_SEARCH_PATHS = "$(inherited) @executable_path/Frameworks";
				PRODUCT_BUNDLE_IDENTIFIER = "com.thinkful.Check-List";
				PRODUCT_NAME = "$(TARGET_NAME)";
				SWIFT_VERSION = 4.0;
				TARGETED_DEVICE_FAMILY = "1,2";
			};
			name = Debug;
		};
		CE8D2A2E1FA6374C00BD8483 /* Release */ = {
			isa = XCBuildConfiguration;
			buildSettings = {
				ASSETCATALOG_COMPILER_APPICON_NAME = AppIcon;
				CODE_SIGN_STYLE = Automatic;
				DEVELOPMENT_TEAM = 2B962CCK39;
				INFOPLIST_FILE = "Check List/Info.plist";
				LD_RUNPATH_SEARCH_PATHS = "$(inherited) @executable_path/Frameworks";
				PRODUCT_BUNDLE_IDENTIFIER = "com.thinkful.Check-List";
				PRODUCT_NAME = "$(TARGET_NAME)";
				SWIFT_VERSION = 4.0;
				TARGETED_DEVICE_FAMILY = "1,2";
			};
			name = Release;
		};
/* End XCBuildConfiguration section */

/* Begin XCConfigurationList section */
		CE8D2A151FA6374C00BD8483 /* Build configuration list for PBXProject "Check List" */ = {
			isa = XCConfigurationList;
			buildConfigurations = (
				CE8D2A2A1FA6374C00BD8483 /* Debug */,
				CE8D2A2B1FA6374C00BD8483 /* Release */,
			);
			defaultConfigurationIsVisible = 0;
			defaultConfigurationName = Release;
		};
		CE8D2A2C1FA6374C00BD8483 /* Build configuration list for PBXNativeTarget "Check List" */ = {
			isa = XCConfigurationList;
			buildConfigurations = (
				CE8D2A2D1FA6374C00BD8483 /* Debug */,
				CE8D2A2E1FA6374C00BD8483 /* Release */,
			);
			defaultConfigurationIsVisible = 0;
			defaultConfigurationName = Release;
		};
/* End XCConfigurationList section */
	};
	rootObject = CE8D2A121FA6374C00BD8483 /* Project object */;
}
